
Microsoft Visual Studio Solution File, Format Version 12.00
# Visual Studio Version 16
VisualStudioVersion = 16.0.32510.428
MinimumVisualStudioVersion = 10.0.40219.1
Project("{FAE04EC0-301F-11D3-BF4B-00C04F79EFBC}") = "calkulator", "calkulator\calkulator.csproj", "{A6272CFF-6489-41EE-90E0-FD04C84854A3}"
EndProject
Global
	GlobalSection(SolutionConfigurationPlatforms) = preSolution
		Debug|Any CPU = Debug|Any CPU
		Release|Any CPU = Release|Any CPU
	EndGlobalSection
	GlobalSection(ProjectConfigurationPlatforms) = postSolution
		{A6272CFF-6489-41EE-90E0-FD04C84854A3}.Debug|Any CPU.ActiveCfg = Debug|Any CPU
		{A6272CFF-6489-41EE-90E0-FD04C84854A3}.Debug|Any CPU.Build.0 = Debug|Any CPU
		{A6272CFF-6489-41EE-90E0-FD04C84854A3}.Release|Any CPU.ActiveCfg = Release|Any CPU
		{A6272CFF-6489-41EE-90E0-FD04C84854A3}.Release|Any CPU.Build.0 = Release|Any CPU
	EndGlobalSection
	GlobalSection(SolutionProperties) = preSolution
		HideSolutionNode = FALSE
	EndGlobalSection
	GlobalSection(ExtensibilityGlobals) = postSolution
		SolutionGuid = {9FE6729A-3953-4AF0-86B1-33B3C61319DE}
	EndGlobalSection
EndGlobal
